
Microsoft Visual Studio Solution File, Format Version 12.00
# Visual Studio Version 16
VisualStudioVersion = 16.0.30804.86
MinimumVisualStudioVersion = 10.0.40219.1
Project("{FAE04EC0-301F-11D3-BF4B-00C04F79EFBC}") = "Dictionary", "Dictionary\Dictionary.csproj", "{A393349E-F4D1-4FFD-91D1-71B45E280558}"
EndProject
Global
	GlobalSection(SolutionConfigurationPlatforms) = preSolution
		Debug|Any CPU = Debug|Any CPU
		Release|Any CPU = Release|Any CPU
	EndGlobalSection
	GlobalSection(ProjectConfigurationPlatforms) = postSolution
		{A393349E-F4D1-4FFD-91D1-71B45E280558}.Debug|Any CPU.ActiveCfg = Debug|Any CPU
		{A393349E-F4D1-4FFD-91D1-71B45E280558}.Debug|Any CPU.Build.0 = Debug|Any CPU
		{A393349E-F4D1-4FFD-91D1-71B45E280558}.Release|Any CPU.ActiveCfg = Release|Any CPU
		{A393349E-F4D1-4FFD-91D1-71B45E280558}.Release|Any CPU.Build.0 = Release|Any CPU
	EndGlobalSection
	GlobalSection(SolutionProperties) = preSolution
		HideSolutionNode = FALSE
	EndGlobalSection
	GlobalSection(ExtensibilityGlobals) = postSolution
		SolutionGuid = {8612E1B7-6663-4E8F-9AEA-DEC5CF60EE97}
	EndGlobalSection
EndGlobal
